// !$*UTF8*$!
{
	archiveVersion = 1;
	classes = {
	};
	objectVersion = 46;
	objects = {

/* Begin PBXBuildFile section */
		766387AA1D40672000C82271 /* main.m in Sources */ = {isa = PBXBuildFile; fileRef = 766387A91D40672000C82271 /* main.m */; };
		766387AD1D40672000C82271 /* AppDelegate.m in Sources */ = {isa = PBXBuildFile; fileRef = 766387AC1D40672000C82271 /* AppDelegate.m */; };
		766387B01D40672000C82271 /* ViewController.m in Sources */ = {isa = PBXBuildFile; fileRef = 766387AF1D40672000C82271 /* ViewController.m */; };
		766387B31D40672000C82271 /* Main.storyboard in Resources */ = {isa = PBXBuildFile; fileRef = 766387B11D40672000C82271 /* Main.storyboard */; };
		766387B51D40672000C82271 /* Assets.xcassets in Resources */ = {isa = PBXBuildFile; fileRef = 766387B41D40672000C82271 /* Assets.xcassets */; };
		766387B81D40672000C82271 /* LaunchScreen.storyboard in Resources */ = {isa = PBXBuildFile; fileRef = 766387B61D40672000C82271 /* LaunchScreen.storyboard */; };
		766387C31D40672000C82271 /* SquareListViewTests.m in Sources */ = {isa = PBXBuildFile; fileRef = 766387C21D40672000C82271 /* SquareListViewTests.m */; };
		766387CE1D40672000C82271 /* SquareListViewUITests.m in Sources */ = {isa = PBXBuildFile; fileRef = 766387CD1D40672000C82271 /* SquareListViewUITests.m */; };
		766387DD1D40675900C82271 /* SquareView.m in Sources */ = {isa = PBXBuildFile; fileRef = 766387DC1D40675900C82271 /* SquareView.m */; };
		766387E01D406A8100C82271 /* SquareViewItem.m in Sources */ = {isa = PBXBuildFile; fileRef = 766387DF1D406A8100C82271 /* SquareViewItem.m */; };
		766387E21D40727100C82271 /* 1.png in Resources */ = {isa = PBXBuildFile; fileRef = 766387E11D40727100C82271 /* 1.png */; };
/* End PBXBuildFile section */

/* Begin PBXContainerItemProxy section */
		766387BF1D40672000C82271 /* PBXContainerItemProxy */ = {
			isa = PBXContainerItemProxy;
			containerPortal = 7663879D1D40672000C82271 /* Project object */;
			proxyType = 1;
			remoteGlobalIDString = 766387A41D40672000C82271;
			remoteInfo = SquareListView;
		};
		766387CA1D40672000C82271 /* PBXContainerItemProxy */ = {
			isa = PBXContainerItemProxy;
			containerPortal = 7663879D1D40672000C82271 /* Project object */;
			proxyType = 1;
			remoteGlobalIDString = 766387A41D40672000C82271;
			remoteInfo = SquareListView;
		};
/* End PBXContainerItemProxy section */

/* Begin PBXFileReference section */
		766387A51D40672000C82271 /* SquareListView.app */ = {isa = PBXFileReference; explicitFileType = wrapper.application; includeInIndex = 0; path = SquareListView.app; sourceTree = BUILT_PRODUCTS_DIR; };
		766387A91D40672000C82271 /* main.m */ = {isa = PBXFileReference; lastKnownFileType = sourcecode.c.objc; path = main.m; sourceTree = "<group>"; };
		766387AB1D40672000C82271 /* AppDelegate.h */ = {isa = PBXFileReference; lastKnownFileType = sourcecode.c.h; path = AppDelegate.h; sourceTree = "<group>"; };
		766387AC1D40672000C82271 /* AppDelegate.m */ = {isa = PBXFileReference; lastKnownFileType = sourcecode.c.objc; path = AppDelegate.m; sourceTree = "<group>"; };
		766387AE1D40672000C82271 /* ViewController.h */ = {isa = PBXFileReference; lastKnownFileType = sourcecode.c.h; path = ViewController.h; sourceTree = "<group>"; };
		766387AF1D40672000C82271 /* ViewController.m */ = {isa = PBXFileReference; lastKnownFileType = sourcecode.c.objc; path = ViewController.m; sourceTree = "<group>"; };
		766387B21D40672000C82271 /* Base */ = {isa = PBXFileReference; lastKnownFileType = file.storyboard; name = Base; path = Base.lproj/Main.storyboard; sourceTree = "<group>"; };
		766387B41D40672000C82271 /* Assets.xcassets */ = {isa = PBXFileReference; lastKnownFileType = folder.assetcatalog; path = Assets.xcassets; sourceTree = "<group>"; };
		766387B71D40672000C82271 /* Base */ = {isa = PBXFileReference; lastKnownFileType = file.storyboard; name = Base; path = Base.lproj/LaunchScreen.storyboard; sourceTree = "<group>"; };
		766387B91D40672000C82271 /* Info.plist */ = {isa = PBXFileReference; lastKnownFileType = text.plist.xml; path = Info.plist; sourceTree = "<group>"; };
		766387BE1D40672000C82271 /* SquareListViewTests.xctest */ = {isa = PBXFileReference; explicitFileType = wrapper.cfbundle; includeInIndex = 0; path = SquareListViewTests.xctest; sourceTree = BUILT_PRODUCTS_DIR; };
		766387C21D40672000C82271 /* SquareListViewTests.m */ = {isa = PBXFileReference; lastKnownFileType = sourcecode.c.objc; path = SquareListViewTests.m; sourceTree = "<group>"; };
		766387C41D40672000C82271 /* Info.plist */ = {isa = PBXFileReference; lastKnownFileType = text.plist.xml; path = Info.plist; sourceTree = "<group>"; };
		766387C91D40672000C82271 /* SquareListViewUITests.xctest */ = {isa = PBXFileReference; explicitFileType = wrapper.cfbundle; includeInIndex = 0; path = SquareListViewUITests.xctest; sourceTree = BUILT_PRODUCTS_DIR; };
		766387CD1D40672000C82271 /* SquareListViewUITests.m */ = {isa = PBXFileReference; lastKnownFileType = sourcecode.c.objc; path = SquareListViewUITests.m; sourceTree = "<group>"; };
		766387CF1D40672000C82271 /* Info.plist */ = {isa = PBXFileReference; lastKnownFileType = text.plist.xml; path = Info.plist; sourceTree = "<group>"; };
		766387DB1D40675900C82271 /* SquareView.h */ = {isa = PBXFileReference; fileEncoding = 4; lastKnownFileType = sourcecode.c.h; path = SquareView.h; sourceTree = "<group>"; };
		766387DC1D40675900C82271 /* SquareView.m */ = {isa = PBXFileReference; fileEncoding = 4; lastKnownFileType = sourcecode.c.objc; path = SquareView.m; sourceTree = "<group>"; };
		766387DE1D406A8000C82271 /* SquareViewItem.h */ = {isa = PBXFileReference; fileEncoding = 4; lastKnownFileType = sourcecode.c.h; path = SquareViewItem.h; sourceTree = "<group>"; };
		766387DF1D406A8100C82271 /* SquareViewItem.m */ = {isa = PBXFileReference; fileEncoding = 4; lastKnownFileType = sourcecode.c.objc; path = SquareViewItem.m; sourceTree = "<group>"; };
		766387E11D40727100C82271 /* 1.png */ = {isa = PBXFileReference; lastKnownFileType = image.png; path = 1.png; sourceTree = "<group>"; };
/* End PBXFileReference section */

/* Begin PBXFrameworksBuildPhase section */
		766387A21D40672000C82271 /* Frameworks */ = {
			isa = PBXFrameworksBuildPhase;
			buildActionMask = 2147483647;
			files = (
			);
			runOnlyForDeploymentPostprocessing = 0;
		};
		766387BB1D40672000C82271 /* Frameworks */ = {
			isa = PBXFrameworksBuildPhase;
			buildActionMask = 2147483647;
			files = (
			);
			runOnlyForDeploymentPostprocessing = 0;
		};
		766387C61D40672000C82271 /* Frameworks */ = {
			isa = PBXFrameworksBuildPhase;
			buildActionMask = 2147483647;
			files = (
			);
			runOnlyForDeploymentPostprocessing = 0;
		};
/* End PBXFrameworksBuildPhase section */

/* Begin PBXGroup section */
		7663879C1D40672000C82271 = {
			isa = PBXGroup;
			children = (
				766387A71D40672000C82271 /* SquareListView */,
				766387C11D40672000C82271 /* SquareListViewTests */,
				766387CC1D40672000C82271 /* SquareListViewUITests */,
				766387A61D40672000C82271 /* Products */,
			);
			sourceTree = "<group>";
		};
		766387A61D40672000C82271 /* Products */ = {
			isa = PBXGroup;
			children = (
				766387A51D40672000C82271 /* SquareListView.app */,
				766387BE1D40672000C82271 /* SquareListViewTests.xctest */,
				766387C91D40672000C82271 /* SquareListViewUITests.xctest */,
			);
			name = Products;
			sourceTree = "<group>";
		};
		766387A71D40672000C82271 /* SquareListView */ = {
			isa = PBXGroup;
			children = (
				766387E11D40727100C82271 /* 1.png */,
				766387AB1D40672000C82271 /* AppDelegate.h */,
				766387AC1D40672000C82271 /* AppDelegate.m */,
				766387AE1D40672000C82271 /* ViewController.h */,
				766387AF1D40672000C82271 /* ViewController.m */,
				766387DB1D40675900C82271 /* SquareView.h */,
				766387DC1D40675900C82271 /* SquareView.m */,
				766387DE1D406A8000C82271 /* SquareViewItem.h */,
				766387DF1D406A8100C82271 /* SquareViewItem.m */,
				766387B11D40672000C82271 /* Main.storyboard */,
				766387B41D40672000C82271 /* Assets.xcassets */,
				766387B61D40672000C82271 /* LaunchScreen.storyboard */,
				766387B91D40672000C82271 /* Info.plist */,
				766387A81D40672000C82271 /* Supporting Files */,
			);
			path = SquareListView;
			sourceTree = "<group>";
		};
		766387A81D40672000C82271 /* Supporting Files */ = {
			isa = PBXGroup;
			children = (
				766387A91D40672000C82271 /* main.m */,
			);
			name = "Supporting Files";
			sourceTree = "<group>";
		};
		766387C11D40672000C82271 /* SquareListViewTests */ = {
			isa = PBXGroup;
			children = (
				766387C21D40672000C82271 /* SquareListViewTests.m */,
				766387C41D40672000C82271 /* Info.plist */,
			);
			path = SquareListViewTests;
			sourceTree = "<group>";
		};
		766387CC1D40672000C82271 /* SquareListViewUITests */ = {
			isa = PBXGroup;
			children = (
				766387CD1D40672000C82271 /* SquareListViewUITests.m */,
				766387CF1D40672000C82271 /* Info.plist */,
			);
			path = SquareListViewUITests;
			sourceTree = "<group>";
		};
/* End PBXGroup section */

/* Begin PBXNativeTarget section */
		766387A41D40672000C82271 /* SquareListView */ = {
			isa = PBXNativeTarget;
			buildConfigurationList = 766387D21D40672000C82271 /* Build configuration list for PBXNativeTarget "SquareListView" */;
			buildPhases = (
				766387A11D40672000C82271 /* Sources */,
				766387A21D40672000C82271 /* Frameworks */,
				766387A31D40672000C82271 /* Resources */,
			);
			buildRules = (
			);
			dependencies = (
			);
			name = SquareListView;
			productName = SquareListView;
			productReference = 766387A51D40672000C82271 /* SquareListView.app */;
			productType = "com.apple.product-type.application";
		};
		766387BD1D40672000C82271 /* SquareListViewTests */ = {
			isa = PBXNativeTarget;
			buildConfigurationList = 766387D51D40672000C82271 /* Build configuration list for PBXNativeTarget "SquareListViewTests" */;
			buildPhases = (
				766387BA1D40672000C82271 /* Sources */,
				766387BB1D40672000C82271 /* Frameworks */,
				766387BC1D40672000C82271 /* Resources */,
			);
			buildRules = (
			);
			dependencies = (
				766387C01D40672000C82271 /* PBXTargetDependency */,
			);
			name = SquareListViewTests;
			productName = SquareListViewTests;
			productReference = 766387BE1D40672000C82271 /* SquareListViewTests.xctest */;
			productType = "com.apple.product-type.bundle.unit-test";
		};
		766387C81D40672000C82271 /* SquareListViewUITests */ = {
			isa = PBXNativeTarget;
			buildConfigurationList = 766387D81D40672000C82271 /* Build configuration list for PBXNativeTarget "SquareListViewUITests" */;
			buildPhases = (
				766387C51D40672000C82271 /* Sources */,
				766387C61D40672000C82271 /* Frameworks */,
				766387C71D40672000C82271 /* Resources */,
			);
			buildRules = (
			);
			dependencies = (
				766387CB1D40672000C82271 /* PBXTargetDependency */,
			);
			name = SquareListViewUITests;
			productName = SquareListViewUITests;
			productReference = 766387C91D40672000C82271 /* SquareListViewUITests.xctest */;
			productType = "com.apple.product-type.bundle.ui-testing";
		};
/* End PBXNativeTarget section */

/* Begin PBXProject section */
		7663879D1D40672000C82271 /* Project object */ = {
			isa = PBXProject;
			attributes = {
				LastUpgradeCheck = 0730;
				ORGANIZATIONNAME = llbt;
				TargetAttributes = {
					766387A41D40672000C82271 = {
						CreatedOnToolsVersion = 7.3.1;
					};
					766387BD1D40672000C82271 = {
						CreatedOnToolsVersion = 7.3.1;
						TestTargetID = 766387A41D40672000C82271;
					};
					766387C81D40672000C82271 = {
						CreatedOnToolsVersion = 7.3.1;
						TestTargetID = 766387A41D40672000C82271;
					};
				};
			};
			buildConfigurationList = 766387A01D40672000C82271 /* Build configuration list for PBXProject "SquareListView" */;
			compatibilityVersion = "Xcode 3.2";
			developmentRegion = English;
			hasScannedForEncodings = 0;
			knownRegions = (
				en,
				Base,
			);
			mainGroup = 7663879C1D40672000C82271;
			productRefGroup = 766387A61D40672000C82271 /* Products */;
			projectDirPath = "";
			projectRoot = "";
			targets = (
				766387A41D40672000C82271 /* SquareListView */,
				766387BD1D40672000C82271 /* SquareListViewTests */,
				766387C81D40672000C82271 /* SquareListViewUITests */,
			);
		};
/* End PBXProject section */

/* Begin PBXResourcesBuildPhase section */
		766387A31D40672000C82271 /* Resources */ = {
			isa = PBXResourcesBuildPhase;
			buildActionMask = 2147483647;
			files = (
				766387B81D40672000C82271 /* LaunchScreen.storyboard in Resources */,
				766387E21D40727100C82271 /* 1.png in Resources */,
				766387B51D40672000C82271 /* Assets.xcassets in Resources */,
				766387B31D40672000C82271 /* Main.storyboard in Resources */,
			);
			runOnlyForDeploymentPostprocessing = 0;
		};
		766387BC1D40672000C82271 /* Resources */ = {
			isa = PBXResourcesBuildPhase;
			buildActionMask = 2147483647;
			files = (
			);
			runOnlyForDeploymentPostprocessing = 0;
		};
		766387C71D40672000C82271 /* Resources */ = {
			isa = PBXResourcesBuildPhase;
			buildActionMask = 2147483647;
			files = (
			);
			runOnlyForDeploymentPostprocessing = 0;
		};
/* End PBXResourcesBuildPhase section */

/* Begin PBXSourcesBuildPhase section */
		766387A11D40672000C82271 /* Sources */ = {
			isa = PBXSourcesBuildPhase;
			buildActionMask = 2147483647;
			files = (
				766387B01D40672000C82271 /* ViewController.m in Sources */,
				766387AD1D40672000C82271 /* AppDelegate.m in Sources */,
				766387E01D406A8100C82271 /* SquareViewItem.m in Sources */,
				766387AA1D40672000C82271 /* main.m in Sources */,
				766387DD1D40675900C82271 /* SquareView.m in Sources */,
			);
			runOnlyForDeploymentPostprocessing = 0;
		};
		766387BA1D40672000C82271 /* Sources */ = {
			isa = PBXSourcesBuildPhase;
			buildActionMask = 2147483647;
			files = (
				766387C31D40672000C82271 /* SquareListViewTests.m in Sources */,
			);
			runOnlyForDeploymentPostprocessing = 0;
		};
		766387C51D40672000C82271 /* Sources */ = {
			isa = PBXSourcesBuildPhase;
			buildActionMask = 2147483647;
			files = (
				766387CE1D40672000C82271 /* SquareListViewUITests.m in Sources */,
			);
			runOnlyForDeploymentPostprocessing = 0;
		};
/* End PBXSourcesBuildPhase section */

/* Begin PBXTargetDependency section */
		766387C01D40672000C82271 /* PBXTargetDependency */ = {
			isa = PBXTargetDependency;
			target = 766387A41D40672000C82271 /* SquareListView */;
			targetProxy = 766387BF1D40672000C82271 /* PBXContainerItemProxy */;
		};
		766387CB1D40672000C82271 /* PBXTargetDependency */ = {
			isa = PBXTargetDependency;
			target = 766387A41D40672000C82271 /* SquareListView */;
			targetProxy = 766387CA1D40672000C82271 /* PBXContainerItemProxy */;
		};
/* End PBXTargetDependency section */

/* Begin PBXVariantGroup section */
		766387B11D40672000C82271 /* Main.storyboard */ = {
			isa = PBXVariantGroup;
			children = (
				766387B21D40672000C82271 /* Base */,
			);
			name = Main.storyboard;
			sourceTree = "<group>";
		};
		766387B61D40672000C82271 /* LaunchScreen.storyboard */ = {
			isa = PBXVariantGroup;
			children = (
				766387B71D40672000C82271 /* Base */,
			);
			name = LaunchScreen.storyboard;
			sourceTree = "<group>";
		};
/* End PBXVariantGroup section */

/* Begin XCBuildConfiguration section */
		766387D01D40672000C82271 /* Debug */ = {
			isa = XCBuildConfiguration;
			buildSettings = {
				ALWAYS_SEARCH_USER_PATHS = NO;
				CLANG_ANALYZER_NONNULL = YES;
				CLANG_CXX_LANGUAGE_STANDARD = "gnu++0x";
				CLANG_CXX_LIBRARY = "libc++";
				CLANG_ENABLE_MODULES = YES;
				CLANG_ENABLE_OBJC_ARC = YES;
				CLANG_WARN_BOOL_CONVERSION = YES;
				CLANG_WARN_CONSTANT_CONVERSION = YES;
				CLANG_WARN_DIRECT_OBJC_ISA_USAGE = YES_ERROR;
				CLANG_WARN_EMPTY_BODY = YES;
				CLANG_WARN_ENUM_CONVERSION = YES;
				CLANG_WARN_INT_CONVERSION = YES;
				CLANG_WARN_OBJC_ROOT_CLASS = YES_ERROR;
				CLANG_WARN_UNREACHABLE_CODE = YES;
				CLANG_WARN__DUPLICATE_METHOD_MATCH = YES;
				"CODE_SIGN_IDENTITY[sdk=iphoneos*]" = "iPhone Developer";
				COPY_PHASE_STRIP = NO;
				DEBUG_INFORMATION_FORMAT = dwarf;
				ENABLE_STRICT_OBJC_MSGSEND = YES;
				ENABLE_TESTABILITY = YES;
				GCC_C_LANGUAGE_STANDARD = gnu99;
				GCC_DYNAMIC_NO_PIC = NO;
				GCC_NO_COMMON_BLOCKS = YES;
				GCC_OPTIMIZATION_LEVEL = 0;
				GCC_PREPROCESSOR_DEFINITIONS = (
					"DEBUG=1",
					"$(inherited)",
				);
				GCC_WARN_64_TO_32_BIT_CONVERSION = YES;
				GCC_WARN_ABOUT_RETURN_TYPE = YES_ERROR;
				GCC_WARN_UNDECLARED_SELECTOR = YES;
				GCC_WARN_UNINITIALIZED_AUTOS = YES_AGGRESSIVE;
				GCC_WARN_UNUSED_FUNCTION = YES;
				GCC_WARN_UNUSED_VARIABLE = YES;
				IPHONEOS_DEPLOYMENT_TARGET = 9.3;
				MTL_ENABLE_DEBUG_INFO = YES;
				ONLY_ACTIVE_ARCH = YES;
				SDKROOT = iphoneos;
			};
			name = Debug;
		};
		766387D11D40672000C82271 /* Release */ = {
			isa = XCBuildConfiguration;
			buildSettings = {
				ALWAYS_SEARCH_USER_PATHS = NO;
				CLANG_ANALYZER_NONNULL = YES;
				CLANG_CXX_LANGUAGE_STANDARD = "gnu++0x";
				CLANG_CXX_LIBRARY = "libc++";
				CLANG_ENABLE_MODULES = YES;
				CLANG_ENABLE_OBJC_ARC = YES;
				CLANG_WARN_BOOL_CONVERSION = YES;
				CLANG_WARN_CONSTANT_CONVERSION = YES;
				CLANG_WARN_DIRECT_OBJC_ISA_USAGE = YES_ERROR;
				CLANG_WARN_EMPTY_BODY = YES;
				CLANG_WARN_ENUM_CONVERSION = YES;
				CLANG_WARN_INT_CONVERSION = YES;
				CLANG_WARN_OBJC_ROOT_CLASS = YES_ERROR;
				CLANG_WARN_UNREACHABLE_CODE = YES;
				CLANG_WARN__DUPLICATE_METHOD_MATCH = YES;
				"CODE_SIGN_IDENTITY[sdk=iphoneos*]" = "iPhone Developer";
				COPY_PHASE_STRIP = NO;
				DEBUG_INFORMATION_FORMAT = "dwarf-with-dsym";
				ENABLE_NS_ASSERTIONS = NO;
				ENABLE_STRICT_OBJC_MSGSEND = YES;
				GCC_C_LANGUAGE_STANDARD = gnu99;
				GCC_NO_COMMON_BLOCKS = YES;
				GCC_WARN_64_TO_32_BIT_CONVERSION = YES;
				GCC_WARN_ABOUT_RETURN_TYPE = YES_ERROR;
				GCC_WARN_UNDECLARED_SELECTOR = YES;
				GCC_WARN_UNINITIALIZED_AUTOS = YES_AGGRESSIVE;
				GCC_WARN_UNUSED_FUNCTION = YES;
				GCC_WARN_UNUSED_VARIABLE = YES;
				IPHONEOS_DEPLOYMENT_TARGET = 9.3;
				MTL_ENABLE_DEBUG_INFO = NO;
				SDKROOT = iphoneos;
				VALIDATE_PRODUCT = YES;
			};
			name = Release;
		};
		766387D31D40672000C82271 /* Debug */ = {
			isa = XCBuildConfiguration;
			buildSettings = {
				ASSETCATALOG_COMPILER_APPICON_NAME = AppIcon;
				INFOPLIST_FILE = SquareListView/Info.plist;
				LD_RUNPATH_SEARCH_PATHS = "$(inherited) @executable_path/Frameworks";
				PRODUCT_BUNDLE_IDENTIFIER = com.cib.fintech.ifp.xcd.SquareListView;
				PRODUCT_NAME = "$(TARGET_NAME)";
			};
			name = Debug;
		};
		766387D41D40672000C82271 /* Release */ = {
			isa = XCBuildConfiguration;
			buildSettings = {
				ASSETCATALOG_COMPILER_APPICON_NAME = AppIcon;
				INFOPLIST_FILE = SquareListView/Info.plist;
				LD_RUNPATH_SEARCH_PATHS = "$(inherited) @executable_path/Frameworks";
				PRODUCT_BUNDLE_IDENTIFIER = com.cib.fintech.ifp.xcd.SquareListView;
				PRODUCT_NAME = "$(TARGET_NAME)";
			};
			name = Release;
		};
		766387D61D40672000C82271 /* Debug */ = {
			isa = XCBuildConfiguration;
			buildSettings = {
				BUNDLE_LOADER = "$(TEST_HOST)";
				INFOPLIST_FILE = SquareListViewTests/Info.plist;
				LD_RUNPATH_SEARCH_PATHS = "$(inherited) @executable_path/Frameworks @loader_path/Frameworks";
				PRODUCT_BUNDLE_IDENTIFIER = com.cib.fintech.ifp.xcd.SquareListViewTests;
				PRODUCT_NAME = "$(TARGET_NAME)";
				TEST_HOST = "$(BUILT_PRODUCTS_DIR)/SquareListView.app/SquareListView";
			};
			name = Debug;
		};
		766387D71D40672000C82271 /* Release */ = {
			isa = XCBuildConfiguration;
			buildSettings = {
				BUNDLE_LOADER = "$(TEST_HOST)";
				INFOPLIST_FILE = SquareListViewTests/Info.plist;
				LD_RUNPATH_SEARCH_PATHS = "$(inherited) @executable_path/Frameworks @loader_path/Frameworks";
				PRODUCT_BUNDLE_IDENTIFIER = com.cib.fintech.ifp.xcd.SquareListViewTests;
				PRODUCT_NAME = "$(TARGET_NAME)";
				TEST_HOST = "$(BUILT_PRODUCTS_DIR)/SquareListView.app/SquareListView";
			};
			name = Release;
		};
		766387D91D40672000C82271 /* Debug */ = {
			isa = XCBuildConfiguration;
			buildSettings = {
				INFOPLIST_FILE = SquareListViewUITests/Info.plist;
				LD_RUNPATH_SEARCH_PATHS = "$(inherited) @executable_path/Frameworks @loader_path/Frameworks";
				PRODUCT_BUNDLE_IDENTIFIER = com.cib.fintech.ifp.xcd.SquareListViewUITests;
				PRODUCT_NAME = "$(TARGET_NAME)";
				TEST_TARGET_NAME = SquareListView;
			};
			name = Debug;
		};
		766387DA1D40672000C82271 /* Release */ = {
			isa = XCBuildConfiguration;
			buildSettings = {
				INFOPLIST_FILE = SquareListViewUITests/Info.plist;
				LD_RUNPATH_SEARCH_PATHS = "$(inherited) @executable_path/Frameworks @loader_path/Frameworks";
				PRODUCT_BUNDLE_IDENTIFIER = com.cib.fintech.ifp.xcd.SquareListViewUITests;
				PRODUCT_NAME = "$(TARGET_NAME)";
				TEST_TARGET_NAME = SquareListView;
			};
			name = Release;
		};
/* End XCBuildConfiguration section */

/* Begin XCConfigurationList section */
		766387A01D40672000C82271 /* Build configuration list for PBXProject "SquareListView" */ = {
			isa = XCConfigurationList;
			buildConfigurations = (
				766387D01D40672000C82271 /* Debug */,
				766387D11D40672000C82271 /* Release */,
			);
			defaultConfigurationIsVisible = 0;
			defaultConfigurationName = Release;
		};
		766387D21D40672000C82271 /* Build configuration list for PBXNativeTarget "SquareListView" */ = {
			isa = XCConfigurationList;
			buildConfigurations = (
				766387D31D40672000C82271 /* Debug */,
				766387D41D40672000C82271 /* Release */,
			);
			defaultConfigurationIsVisible = 0;
		};
		766387D51D40672000C82271 /* Build configuration list for PBXNativeTarget "SquareListViewTests" */ = {
			isa = XCConfigurationList;
			buildConfigurations = (
				766387D61D40672000C82271 /* Debug */,
				766387D71D40672000C82271 /* Release */,
			);
			defaultConfigurationIsVisible = 0;
		};
		766387D81D40672000C82271 /* Build configuration list for PBXNativeTarget "SquareListViewUITests" */ = {
			isa = XCConfigurationList;
			buildConfigurations = (
				766387D91D40672000C82271 /* Debug */,
				766387DA1D40672000C82271 /* Release */,
			);
			defaultConfigurationIsVisible = 0;
		};
/* End XCConfigurationList section */
	};
	rootObject = 7663879D1D40672000C82271 /* Project object */;
}
